
Microsoft Visual Studio Solution File, Format Version 12.00
# Visual Studio Version 17
VisualStudioVersion = 17.8.34525.116
MinimumVisualStudioVersion = 10.0.40219.1
Project("{FAE04EC0-301F-11D3-BF4B-00C04F79EFBC}") = "pld", "pld\pld.csproj", "{F941FC5D-746F-4167-8BA8-E361C6789750}"
EndProject
Global
	GlobalSection(SolutionConfigurationPlatforms) = preSolution
		Debug|Any CPU = Debug|Any CPU
		Release|Any CPU = Release|Any CPU
	EndGlobalSection
	GlobalSection(ProjectConfigurationPlatforms) = postSolution
		{F941FC5D-746F-4167-8BA8-E361C6789750}.Debug|Any CPU.ActiveCfg = Debug|Any CPU
		{F941FC5D-746F-4167-8BA8-E361C6789750}.Debug|Any CPU.Build.0 = Debug|Any CPU
		{F941FC5D-746F-4167-8BA8-E361C6789750}.Release|Any CPU.ActiveCfg = Release|Any CPU
		{F941FC5D-746F-4167-8BA8-E361C6789750}.Release|Any CPU.Build.0 = Release|Any CPU
	EndGlobalSection
	GlobalSection(SolutionProperties) = preSolution
		HideSolutionNode = FALSE
	EndGlobalSection
	GlobalSection(ExtensibilityGlobals) = postSolution
		SolutionGuid = {E8183369-A296-4376-89CC-F7187680844B}
	EndGlobalSection
EndGlobal
